
Microsoft Visual Studio Solution File, Format Version 12.00
# Visual Studio 15
VisualStudioVersion = 15.0.27004.2009
MinimumVisualStudioVersion = 10.0.40219.1
Project("{FAE04EC0-301F-11D3-BF4B-00C04F79EFBC}") = "DataTypes", "DataTypes\DataTypes.csproj", "{66D109D6-812F-447F-A834-015C3652626F}"
EndProject
Global
	GlobalSection(SolutionConfigurationPlatforms) = preSolution
		Debug|Any CPU = Debug|Any CPU
		Release|Any CPU = Release|Any CPU
	EndGlobalSection
	GlobalSection(ProjectConfigurationPlatforms) = postSolution
		{66D109D6-812F-447F-A834-015C3652626F}.Debug|Any CPU.ActiveCfg = Debug|Any CPU
		{66D109D6-812F-447F-A834-015C3652626F}.Debug|Any CPU.Build.0 = Debug|Any CPU
		{66D109D6-812F-447F-A834-015C3652626F}.Release|Any CPU.ActiveCfg = Release|Any CPU
		{66D109D6-812F-447F-A834-015C3652626F}.Release|Any CPU.Build.0 = Release|Any CPU
	EndGlobalSection
	GlobalSection(SolutionProperties) = preSolution
		HideSolutionNode = FALSE
	EndGlobalSection
	GlobalSection(ExtensibilityGlobals) = postSolution
		SolutionGuid = {44730AB6-33B3-45A5-B2BF-124BEF35DB4F}
	EndGlobalSection
EndGlobal
